
Microsoft Visual Studio Solution File, Format Version 12.00
# Visual Studio Version 16
VisualStudioVersion = 16.0.30503.244
MinimumVisualStudioVersion = 10.0.40219.1
Project("{FAE04EC0-301F-11D3-BF4B-00C04F79EFBC}") = "CyberPunk2048", "CyberPunk2048\CyberPunk2048.csproj", "{A5AED735-F58F-449F-9577-711E43428F48}"
EndProject
Global
	GlobalSection(SolutionConfigurationPlatforms) = preSolution
		Debug|Any CPU = Debug|Any CPU
		Release|Any CPU = Release|Any CPU
	EndGlobalSection
	GlobalSection(ProjectConfigurationPlatforms) = postSolution
		{A5AED735-F58F-449F-9577-711E43428F48}.Debug|Any CPU.ActiveCfg = Debug|Any CPU
		{A5AED735-F58F-449F-9577-711E43428F48}.Debug|Any CPU.Build.0 = Debug|Any CPU
		{A5AED735-F58F-449F-9577-711E43428F48}.Release|Any CPU.ActiveCfg = Release|Any CPU
		{A5AED735-F58F-449F-9577-711E43428F48}.Release|Any CPU.Build.0 = Release|Any CPU
	EndGlobalSection
	GlobalSection(SolutionProperties) = preSolution
		HideSolutionNode = FALSE
	EndGlobalSection
	GlobalSection(ExtensibilityGlobals) = postSolution
		SolutionGuid = {A5D4C4D5-F0CD-4F70-ABD3-34486B039C98}
	EndGlobalSection
EndGlobal
